
Microsoft Visual Studio Solution File, Format Version 12.00
# Visual Studio Version 17
VisualStudioVersion = 17.14.36616.10 d17.14
MinimumVisualStudioVersion = 10.0.40219.1
Project("{FAE04EC0-301F-11D3-BF4B-00C04F79EFBC}") = "BoletoFacil.Api", "WebApi\BoletoFacil.Api.csproj", "{43B4E28F-D866-4EAE-8FFD-8E445F53E174}"
EndProject
Project("{FAE04EC0-301F-11D3-BF4B-00C04F79EFBC}") = "BoletoFacil.Domain", "BoletoFacil.Api.Domain\BoletoFacil.Domain.csproj", "{0E99A7A3-F049-403F-9BAF-C6920464770D}"
EndProject
Project("{FAE04EC0-301F-11D3-BF4B-00C04F79EFBC}") = "BoletoFacil.Application", "BoletoFacil.Application\BoletoFacil.Application.csproj", "{875B0905-6971-4D95-918F-B42522E87DA1}"
EndProject
Project("{FAE04EC0-301F-11D3-BF4B-00C04F79EFBC}") = "BoletoFacil.Infrastructure", "BoletoFacil.Infrastructure\BoletoFacil.Infrastructure.csproj", "{D8B7AA9B-C743-45AB-8A21-BA7D1715ABAA}"
EndProject
Global
	GlobalSection(SolutionConfigurationPlatforms) = preSolution
		Debug|Any CPU = Debug|Any CPU
		Release|Any CPU = Release|Any CPU
	EndGlobalSection
	GlobalSection(ProjectConfigurationPlatforms) = postSolution
		{43B4E28F-D866-4EAE-8FFD-8E445F53E174}.Debug|Any CPU.ActiveCfg = Debug|Any CPU
		{43B4E28F-D866-4EAE-8FFD-8E445F53E174}.Debug|Any CPU.Build.0 = Debug|Any CPU
		{43B4E28F-D866-4EAE-8FFD-8E445F53E174}.Release|Any CPU.ActiveCfg = Release|Any CPU
		{43B4E28F-D866-4EAE-8FFD-8E445F53E174}.Release|Any CPU.Build.0 = Release|Any CPU
		{0E99A7A3-F049-403F-9BAF-C6920464770D}.Debug|Any CPU.ActiveCfg = Debug|Any CPU
		{0E99A7A3-F049-403F-9BAF-C6920464770D}.Debug|Any CPU.Build.0 = Debug|Any CPU
		{0E99A7A3-F049-403F-9BAF-C6920464770D}.Release|Any CPU.ActiveCfg = Release|Any CPU
		{0E99A7A3-F049-403F-9BAF-C6920464770D}.Release|Any CPU.Build.0 = Release|Any CPU
		{875B0905-6971-4D95-918F-B42522E87DA1}.Debug|Any CPU.ActiveCfg = Debug|Any CPU
		{875B0905-6971-4D95-918F-B42522E87DA1}.Debug|Any CPU.Build.0 = Debug|Any CPU
		{875B0905-6971-4D95-918F-B42522E87DA1}.Release|Any CPU.ActiveCfg = Release|Any CPU
		{875B0905-6971-4D95-918F-B42522E87DA1}.Release|Any CPU.Build.0 = Release|Any CPU
		{D8B7AA9B-C743-45AB-8A21-BA7D1715ABAA}.Debug|Any CPU.ActiveCfg = Debug|Any CPU
		{D8B7AA9B-C743-45AB-8A21-BA7D1715ABAA}.Debug|Any CPU.Build.0 = Debug|Any CPU
		{D8B7AA9B-C743-45AB-8A21-BA7D1715ABAA}.Release|Any CPU.ActiveCfg = Release|Any CPU
		{D8B7AA9B-C743-45AB-8A21-BA7D1715ABAA}.Release|Any CPU.Build.0 = Release|Any CPU
	EndGlobalSection
	GlobalSection(SolutionProperties) = preSolution
		HideSolutionNode = FALSE
	EndGlobalSection
	GlobalSection(ExtensibilityGlobals) = postSolution
		SolutionGuid = {8BCD70A2-31F3-4D78-8C96-A789D4729D01}
	EndGlobalSection
EndGlobal
